
Microsoft Visual Studio Solution File, Format Version 12.00
# Visual Studio Version 17
VisualStudioVersion = 17.5.002.0
MinimumVisualStudioVersion = 10.0.40219.1
Project("{9A19103F-16F7-4668-BE54-9A1E7A4F7556}") = "API", "API\API.csproj", "{05FEA0CA-51EC-4917-95C2-5F026DD613EF}"
EndProject
Global
	GlobalSection(SolutionConfigurationPlatforms) = preSolution
		Debug|Any CPU = Debug|Any CPU
		Release|Any CPU = Release|Any CPU
	EndGlobalSection
	GlobalSection(ProjectConfigurationPlatforms) = postSolution
		{05FEA0CA-51EC-4917-95C2-5F026DD613EF}.Debug|Any CPU.ActiveCfg = Debug|Any CPU
		{05FEA0CA-51EC-4917-95C2-5F026DD613EF}.Debug|Any CPU.Build.0 = Debug|Any CPU
		{05FEA0CA-51EC-4917-95C2-5F026DD613EF}.Release|Any CPU.ActiveCfg = Release|Any CPU
		{05FEA0CA-51EC-4917-95C2-5F026DD613EF}.Release|Any CPU.Build.0 = Release|Any CPU
	EndGlobalSection
	GlobalSection(SolutionProperties) = preSolution
		HideSolutionNode = FALSE
	EndGlobalSection
	GlobalSection(ExtensibilityGlobals) = postSolution
		SolutionGuid = {B0D6AA62-2310-4EA0-A6AC-F65F54528CFF}
	EndGlobalSection
EndGlobal
